
Microsoft Visual Studio Solution File, Format Version 12.00
# Visual Studio Version 17
VisualStudioVersion = 17.3.32804.467
MinimumVisualStudioVersion = 10.0.40219.1
Project("{9A19103F-16F7-4668-BE54-9A1E7A4F7556}") = "Calculator", "src\Calculator\Calculator.csproj", "{5BA8CD43-CE5B-4F0C-9AC0-0D8BEA645740}"
EndProject
Project("{9A19103F-16F7-4668-BE54-9A1E7A4F7556}") = "Calculator.Tests", "tests\Calculator.Tests\Calculator.Tests.csproj", "{6DDF1EFF-3127-4F14-88DF-A59293FFD4DA}"
EndProject
Project("{9A19103F-16F7-4668-BE54-9A1E7A4F7556}") = "CalculatorLibrary", "..\CalculatorLibrary\CalculatorLibrary\CalculatorLibrary.csproj", "{1AC908A3-E933-43A1-9486-7E21AFFC3C43}"
EndProject
Global
	GlobalSection(SolutionConfigurationPlatforms) = preSolution
		Debug|Any CPU = Debug|Any CPU
		Release|Any CPU = Release|Any CPU
	EndGlobalSection
	GlobalSection(ProjectConfigurationPlatforms) = postSolution
		{5BA8CD43-CE5B-4F0C-9AC0-0D8BEA645740}.Debug|Any CPU.ActiveCfg = Debug|Any CPU
		{5BA8CD43-CE5B-4F0C-9AC0-0D8BEA645740}.Debug|Any CPU.Build.0 = Debug|Any CPU
		{5BA8CD43-CE5B-4F0C-9AC0-0D8BEA645740}.Release|Any CPU.ActiveCfg = Release|Any CPU
		{5BA8CD43-CE5B-4F0C-9AC0-0D8BEA645740}.Release|Any CPU.Build.0 = Release|Any CPU
		{6DDF1EFF-3127-4F14-88DF-A59293FFD4DA}.Debug|Any CPU.ActiveCfg = Debug|Any CPU
		{6DDF1EFF-3127-4F14-88DF-A59293FFD4DA}.Debug|Any CPU.Build.0 = Debug|Any CPU
		{6DDF1EFF-3127-4F14-88DF-A59293FFD4DA}.Release|Any CPU.ActiveCfg = Release|Any CPU
		{6DDF1EFF-3127-4F14-88DF-A59293FFD4DA}.Release|Any CPU.Build.0 = Release|Any CPU
		{1AC908A3-E933-43A1-9486-7E21AFFC3C43}.Debug|Any CPU.ActiveCfg = Debug|Any CPU
		{1AC908A3-E933-43A1-9486-7E21AFFC3C43}.Debug|Any CPU.Build.0 = Debug|Any CPU
		{1AC908A3-E933-43A1-9486-7E21AFFC3C43}.Release|Any CPU.ActiveCfg = Release|Any CPU
		{1AC908A3-E933-43A1-9486-7E21AFFC3C43}.Release|Any CPU.Build.0 = Release|Any CPU
	EndGlobalSection
	GlobalSection(SolutionProperties) = preSolution
		HideSolutionNode = FALSE
	EndGlobalSection
	GlobalSection(ExtensibilityGlobals) = postSolution
		SolutionGuid = {B4C6A615-E8FE-4986-8FD2-03A2C11AF981}
	EndGlobalSection
EndGlobal
